{"1.2.0",
[{<<"app_config">>,
  {git,"https://gitlab.com/leapsight/app_config.git",
       {ref,"6c3f354d0b8769be3b7c6b9dad6d66220f520da9"}},
  0},
 {<<"backoff">>,{pkg,<<"backoff">>,<<"1.1.6">>},0},
 {<<"base62">>,
  {git,"https://gitlab.com/leapsight/base62.git",
       {ref,"6e1c622c2e9bba51fadba44fa050d4b4ae706890"}},
  1},
 {<<"hamcrest">>,
  {git,"https://github.com/basho/hamcrest-erlang.git",
       {ref,"ad3dbab419762fc2d5821abb88b989da006b85c6"}},
  2},
 {<<"key_value">>,
  {git,"https://gitlab.com/leapsight/key_value.git",
       {ref,"8fffd1b7ca520cf488251c9d32ffd0959c2ab039"}},
  1},
 {<<"ksuid">>,
  {git,"https://gitlab.com/leapsight/ksuid.git",
       {ref,"c1f00dabddac1e3108bfaf5917cb6674f3b843f2"}},
  0},
 {<<"riak_pb">>,
  {git,"https://github.com/basho/riak_pb",
       {ref,"08771aba2ce4935b715d32d1b92555efdc3da994"}},
  1},
 {<<"riakc">>,
  {git,"git://github.com/basho/riak-erlang-client.git",
       {ref,"e4efcb7efd6ded616c5f1d7bae5ca36f9dee6bc2"}},
  0}]}.
[
{pkg_hash,[
 {<<"backoff">>, <<"83B72ED2108BA1EE8F7D1C22E0B4A00CFE3593A67DBC792799E8CCE9F42F796B">>}]},
{pkg_hash_ext,[
 {<<"backoff">>, <<"CF0CFFF8995FB20562F822E5CC47D8CCF664C5ECDC26A684CBE85C225F9D7C39">>}]}
].
